// !$*UTF8*$!
{
	archiveVersion = 1;
	classes = {
	};
	objectVersion = 46;
	objects = {

/* Begin PBXBuildFile section */
		4E7FF2BB1D479EBB0029EB85 /* MeuPrimeiroViewController_iPad.xib in Resources */ = {isa = PBXBuildFile; fileRef = 4E7FF2BA1D479EBB0029EB85 /* MeuPrimeiroViewController_iPad.xib */; };
		4EAC9D711D4683B100E3CAE4 /* main.m in Sources */ = {isa = PBXBuildFile; fileRef = 4EAC9D701D4683B100E3CAE4 /* main.m */; };
		4EAC9D741D4683B100E3CAE4 /* AppDelegate.m in Sources */ = {isa = PBXBuildFile; fileRef = 4EAC9D731D4683B100E3CAE4 /* AppDelegate.m */; };
		4EAC9D7C1D4683B100E3CAE4 /* Assets.xcassets in Resources */ = {isa = PBXBuildFile; fileRef = 4EAC9D7B1D4683B100E3CAE4 /* Assets.xcassets */; };
		4EAC9D7F1D4683B100E3CAE4 /* LaunchScreen.storyboard in Resources */ = {isa = PBXBuildFile; fileRef = 4EAC9D7D1D4683B100E3CAE4 /* LaunchScreen.storyboard */; };
		4EAC9D891D46921000E3CAE4 /* MeuPrimeiroViewController.m in Sources */ = {isa = PBXBuildFile; fileRef = 4EAC9D871D46921000E3CAE4 /* MeuPrimeiroViewController.m */; };
		4EAC9D8A1D46921000E3CAE4 /* MeuPrimeiroViewController.xib in Resources */ = {isa = PBXBuildFile; fileRef = 4EAC9D881D46921000E3CAE4 /* MeuPrimeiroViewController.xib */; };
/* End PBXBuildFile section */

/* Begin PBXFileReference section */
		4E7FF2BA1D479EBB0029EB85 /* MeuPrimeiroViewController_iPad.xib */ = {isa = PBXFileReference; fileEncoding = 4; lastKnownFileType = file.xib; path = MeuPrimeiroViewController_iPad.xib; sourceTree = "<group>"; };
		4EAC9D6C1D4683B100E3CAE4 /* Bem Vindo.app */ = {isa = PBXFileReference; explicitFileType = wrapper.application; includeInIndex = 0; path = "Bem Vindo.app"; sourceTree = BUILT_PRODUCTS_DIR; };
		4EAC9D701D4683B100E3CAE4 /* main.m */ = {isa = PBXFileReference; lastKnownFileType = sourcecode.c.objc; path = main.m; sourceTree = "<group>"; };
		4EAC9D721D4683B100E3CAE4 /* AppDelegate.h */ = {isa = PBXFileReference; lastKnownFileType = sourcecode.c.h; path = AppDelegate.h; sourceTree = "<group>"; };
		4EAC9D731D4683B100E3CAE4 /* AppDelegate.m */ = {isa = PBXFileReference; lastKnownFileType = sourcecode.c.objc; path = AppDelegate.m; sourceTree = "<group>"; };
		4EAC9D7B1D4683B100E3CAE4 /* Assets.xcassets */ = {isa = PBXFileReference; lastKnownFileType = folder.assetcatalog; path = Assets.xcassets; sourceTree = "<group>"; };
		4EAC9D7E1D4683B100E3CAE4 /* Base */ = {isa = PBXFileReference; lastKnownFileType = file.storyboard; name = Base; path = Base.lproj/LaunchScreen.storyboard; sourceTree = "<group>"; };
		4EAC9D801D4683B100E3CAE4 /* Info.plist */ = {isa = PBXFileReference; lastKnownFileType = text.plist.xml; path = Info.plist; sourceTree = "<group>"; };
		4EAC9D861D46921000E3CAE4 /* MeuPrimeiroViewController.h */ = {isa = PBXFileReference; fileEncoding = 4; lastKnownFileType = sourcecode.c.h; path = MeuPrimeiroViewController.h; sourceTree = "<group>"; };
		4EAC9D871D46921000E3CAE4 /* MeuPrimeiroViewController.m */ = {isa = PBXFileReference; fileEncoding = 4; lastKnownFileType = sourcecode.c.objc; path = MeuPrimeiroViewController.m; sourceTree = "<group>"; };
		4EAC9D881D46921000E3CAE4 /* MeuPrimeiroViewController.xib */ = {isa = PBXFileReference; fileEncoding = 4; lastKnownFileType = file.xib; path = MeuPrimeiroViewController.xib; sourceTree = "<group>"; };
/* End PBXFileReference section */

/* Begin PBXFrameworksBuildPhase section */
		4EAC9D691D4683B100E3CAE4 /* Frameworks */ = {
			isa = PBXFrameworksBuildPhase;
			buildActionMask = 2147483647;
			files = (
			);
			runOnlyForDeploymentPostprocessing = 0;
		};
/* End PBXFrameworksBuildPhase section */

/* Begin PBXGroup section */
		4EAC9D631D4683B000E3CAE4 = {
			isa = PBXGroup;
			children = (
				4EAC9D6E1D4683B100E3CAE4 /* Bem Vindo */,
				4EAC9D6D1D4683B100E3CAE4 /* Products */,
			);
			sourceTree = "<group>";
		};
		4EAC9D6D1D4683B100E3CAE4 /* Products */ = {
			isa = PBXGroup;
			children = (
				4EAC9D6C1D4683B100E3CAE4 /* Bem Vindo.app */,
			);
			name = Products;
			sourceTree = "<group>";
		};
		4EAC9D6E1D4683B100E3CAE4 /* Bem Vindo */ = {
			isa = PBXGroup;
			children = (
				4EAC9D721D4683B100E3CAE4 /* AppDelegate.h */,
				4EAC9D731D4683B100E3CAE4 /* AppDelegate.m */,
				4EAC9D7B1D4683B100E3CAE4 /* Assets.xcassets */,
				4EAC9D7D1D4683B100E3CAE4 /* LaunchScreen.storyboard */,
				4EAC9D801D4683B100E3CAE4 /* Info.plist */,
				4EAC9D6F1D4683B100E3CAE4 /* Supporting Files */,
				4EAC9D861D46921000E3CAE4 /* MeuPrimeiroViewController.h */,
				4EAC9D871D46921000E3CAE4 /* MeuPrimeiroViewController.m */,
				4EAC9D881D46921000E3CAE4 /* MeuPrimeiroViewController.xib */,
				4E7FF2BA1D479EBB0029EB85 /* MeuPrimeiroViewController_iPad.xib */,
			);
			path = "Bem Vindo";
			sourceTree = "<group>";
		};
		4EAC9D6F1D4683B100E3CAE4 /* Supporting Files */ = {
			isa = PBXGroup;
			children = (
				4EAC9D701D4683B100E3CAE4 /* main.m */,
			);
			name = "Supporting Files";
			sourceTree = "<group>";
		};
/* End PBXGroup section */

/* Begin PBXNativeTarget section */
		4EAC9D6B1D4683B100E3CAE4 /* Bem Vindo */ = {
			isa = PBXNativeTarget;
			buildConfigurationList = 4EAC9D831D4683B100E3CAE4 /* Build configuration list for PBXNativeTarget "Bem Vindo" */;
			buildPhases = (
				4EAC9D681D4683B100E3CAE4 /* Sources */,
				4EAC9D691D4683B100E3CAE4 /* Frameworks */,
				4EAC9D6A1D4683B100E3CAE4 /* Resources */,
			);
			buildRules = (
			);
			dependencies = (
			);
			name = "Bem Vindo";
			productName = "Bem Vindo";
			productReference = 4EAC9D6C1D4683B100E3CAE4 /* Bem Vindo.app */;
			productType = "com.apple.product-type.application";
		};
/* End PBXNativeTarget section */

/* Begin PBXProject section */
		4EAC9D641D4683B100E3CAE4 /* Project object */ = {
			isa = PBXProject;
			attributes = {
				LastUpgradeCheck = 0730;
				ORGANIZATIONNAME = "Antonio Lopes";
				TargetAttributes = {
					4EAC9D6B1D4683B100E3CAE4 = {
						CreatedOnToolsVersion = 7.3.1;
					};
				};
			};
			buildConfigurationList = 4EAC9D671D4683B100E3CAE4 /* Build configuration list for PBXProject "Bem Vindo" */;
			compatibilityVersion = "Xcode 3.2";
			developmentRegion = English;
			hasScannedForEncodings = 0;
			knownRegions = (
				en,
				Base,
			);
			mainGroup = 4EAC9D631D4683B000E3CAE4;
			productRefGroup = 4EAC9D6D1D4683B100E3CAE4 /* Products */;
			projectDirPath = "";
			projectRoot = "";
			targets = (
				4EAC9D6B1D4683B100E3CAE4 /* Bem Vindo */,
			);
		};
/* End PBXProject section */

/* Begin PBXResourcesBuildPhase section */
		4EAC9D6A1D4683B100E3CAE4 /* Resources */ = {
			isa = PBXResourcesBuildPhase;
			buildActionMask = 2147483647;
			files = (
				4EAC9D7F1D4683B100E3CAE4 /* LaunchScreen.storyboard in Resources */,
				4E7FF2BB1D479EBB0029EB85 /* MeuPrimeiroViewController_iPad.xib in Resources */,
				4EAC9D8A1D46921000E3CAE4 /* MeuPrimeiroViewController.xib in Resources */,
				4EAC9D7C1D4683B100E3CAE4 /* Assets.xcassets in Resources */,
			);
			runOnlyForDeploymentPostprocessing = 0;
		};
/* End PBXResourcesBuildPhase section */

/* Begin PBXSourcesBuildPhase section */
		4EAC9D681D4683B100E3CAE4 /* Sources */ = {
			isa = PBXSourcesBuildPhase;
			buildActionMask = 2147483647;
			files = (
				4EAC9D891D46921000E3CAE4 /* MeuPrimeiroViewController.m in Sources */,
				4EAC9D741D4683B100E3CAE4 /* AppDelegate.m in Sources */,
				4EAC9D711D4683B100E3CAE4 /* main.m in Sources */,
			);
			runOnlyForDeploymentPostprocessing = 0;
		};
/* End PBXSourcesBuildPhase section */

/* Begin PBXVariantGroup section */
		4EAC9D7D1D4683B100E3CAE4 /* LaunchScreen.storyboard */ = {
			isa = PBXVariantGroup;
			children = (
				4EAC9D7E1D4683B100E3CAE4 /* Base */,
			);
			name = LaunchScreen.storyboard;
			sourceTree = "<group>";
		};
/* End PBXVariantGroup section */

/* Begin XCBuildConfiguration section */
		4EAC9D811D4683B100E3CAE4 /* Debug */ = {
			isa = XCBuildConfiguration;
			buildSettings = {
				ALWAYS_SEARCH_USER_PATHS = NO;
				CLANG_ANALYZER_NONNULL = YES;
				CLANG_CXX_LANGUAGE_STANDARD = "gnu++0x";
				CLANG_CXX_LIBRARY = "libc++";
				CLANG_ENABLE_MODULES = YES;
				CLANG_ENABLE_OBJC_ARC = YES;
				CLANG_WARN_BOOL_CONVERSION = YES;
				CLANG_WARN_CONSTANT_CONVERSION = YES;
				CLANG_WARN_DIRECT_OBJC_ISA_USAGE = YES_ERROR;
				CLANG_WARN_EMPTY_BODY = YES;
				CLANG_WARN_ENUM_CONVERSION = YES;
				CLANG_WARN_INT_CONVERSION = YES;
				CLANG_WARN_OBJC_ROOT_CLASS = YES_ERROR;
				CLANG_WARN_UNREACHABLE_CODE = YES;
				CLANG_WARN__DUPLICATE_METHOD_MATCH = YES;
				"CODE_SIGN_IDENTITY[sdk=iphoneos*]" = "iPhone Developer";
				COPY_PHASE_STRIP = NO;
				DEBUG_INFORMATION_FORMAT = dwarf;
				ENABLE_STRICT_OBJC_MSGSEND = YES;
				ENABLE_TESTABILITY = YES;
				GCC_C_LANGUAGE_STANDARD = gnu99;
				GCC_DYNAMIC_NO_PIC = NO;
				GCC_NO_COMMON_BLOCKS = YES;
				GCC_OPTIMIZATION_LEVEL = 0;
				GCC_PREPROCESSOR_DEFINITIONS = (
					"DEBUG=1",
					"$(inherited)",
				);
				GCC_WARN_64_TO_32_BIT_CONVERSION = YES;
				GCC_WARN_ABOUT_RETURN_TYPE = YES_ERROR;
				GCC_WARN_UNDECLARED_SELECTOR = YES;
				GCC_WARN_UNINITIALIZED_AUTOS = YES_AGGRESSIVE;
				GCC_WARN_UNUSED_FUNCTION = YES;
				GCC_WARN_UNUSED_VARIABLE = YES;
				IPHONEOS_DEPLOYMENT_TARGET = 9.3;
				MTL_ENABLE_DEBUG_INFO = YES;
				ONLY_ACTIVE_ARCH = YES;
				SDKROOT = iphoneos;
				TARGETED_DEVICE_FAMILY = "1,2";
			};
			name = Debug;
		};
		4EAC9D821D4683B100E3CAE4 /* Release */ = {
			isa = XCBuildConfiguration;
			buildSettings = {
				ALWAYS_SEARCH_USER_PATHS = NO;
				CLANG_ANALYZER_NONNULL = YES;
				CLANG_CXX_LANGUAGE_STANDARD = "gnu++0x";
				CLANG_CXX_LIBRARY = "libc++";
				CLANG_ENABLE_MODULES = YES;
				CLANG_ENABLE_OBJC_ARC = YES;
				CLANG_WARN_BOOL_CONVERSION = YES;
				CLANG_WARN_CONSTANT_CONVERSION = YES;
				CLANG_WARN_DIRECT_OBJC_ISA_USAGE = YES_ERROR;
				CLANG_WARN_EMPTY_BODY = YES;
				CLANG_WARN_ENUM_CONVERSION = YES;
				CLANG_WARN_INT_CONVERSION = YES;
				CLANG_WARN_OBJC_ROOT_CLASS = YES_ERROR;
				CLANG_WARN_UNREACHABLE_CODE = YES;
				CLANG_WARN__DUPLICATE_METHOD_MATCH = YES;
				"CODE_SIGN_IDENTITY[sdk=iphoneos*]" = "iPhone Developer";
				COPY_PHASE_STRIP = NO;
				DEBUG_INFORMATION_FORMAT = "dwarf-with-dsym";
				ENABLE_NS_ASSERTIONS = NO;
				ENABLE_STRICT_OBJC_MSGSEND = YES;
				GCC_C_LANGUAGE_STANDARD = gnu99;
				GCC_NO_COMMON_BLOCKS = YES;
				GCC_WARN_64_TO_32_BIT_CONVERSION = YES;
				GCC_WARN_ABOUT_RETURN_TYPE = YES_ERROR;
				GCC_WARN_UNDECLARED_SELECTOR = YES;
				GCC_WARN_UNINITIALIZED_AUTOS = YES_AGGRESSIVE;
				GCC_WARN_UNUSED_FUNCTION = YES;
				GCC_WARN_UNUSED_VARIABLE = YES;
				IPHONEOS_DEPLOYMENT_TARGET = 9.3;
				MTL_ENABLE_DEBUG_INFO = NO;
				SDKROOT = iphoneos;
				TARGETED_DEVICE_FAMILY = "1,2";
				VALIDATE_PRODUCT = YES;
			};
			name = Release;
		};
		4EAC9D841D4683B100E3CAE4 /* Debug */ = {
			isa = XCBuildConfiguration;
			buildSettings = {
				ASSETCATALOG_COMPILER_APPICON_NAME = AppIcon;
				CODE_SIGN_IDENTITY = "iPhone Developer";
				INFOPLIST_FILE = "Bem Vindo/Info.plist";
				LD_RUNPATH_SEARCH_PATHS = "$(inherited) @executable_path/Frameworks";
				PRODUCT_BUNDLE_IDENTIFIER = "br.livro.Bem-Vindo";
				PRODUCT_NAME = "$(TARGET_NAME)";
			};
			name = Debug;
		};
		4EAC9D851D4683B100E3CAE4 /* Release */ = {
			isa = XCBuildConfiguration;
			buildSettings = {
				ASSETCATALOG_COMPILER_APPICON_NAME = AppIcon;
				CODE_SIGN_IDENTITY = "iPhone Developer";
				INFOPLIST_FILE = "Bem Vindo/Info.plist";
				LD_RUNPATH_SEARCH_PATHS = "$(inherited) @executable_path/Frameworks";
				PRODUCT_BUNDLE_IDENTIFIER = "br.livro.Bem-Vindo";
				PRODUCT_NAME = "$(TARGET_NAME)";
			};
			name = Release;
		};
/* End XCBuildConfiguration section */

/* Begin XCConfigurationList section */
		4EAC9D671D4683B100E3CAE4 /* Build configuration list for PBXProject "Bem Vindo" */ = {
			isa = XCConfigurationList;
			buildConfigurations = (
				4EAC9D811D4683B100E3CAE4 /* Debug */,
				4EAC9D821D4683B100E3CAE4 /* Release */,
			);
			defaultConfigurationIsVisible = 0;
			defaultConfigurationName = Release;
		};
		4EAC9D831D4683B100E3CAE4 /* Build configuration list for PBXNativeTarget "Bem Vindo" */ = {
			isa = XCConfigurationList;
			buildConfigurations = (
				4EAC9D841D4683B100E3CAE4 /* Debug */,
				4EAC9D851D4683B100E3CAE4 /* Release */,
			);
			defaultConfigurationIsVisible = 0;
			defaultConfigurationName = Release;
		};
/* End XCConfigurationList section */
	};
	rootObject = 4EAC9D641D4683B100E3CAE4 /* Project object */;
}
